
Microsoft Visual Studio Solution File, Format Version 12.00
# Visual Studio Version 17
VisualStudioVersion = 17.2.32526.322
MinimumVisualStudioVersion = 10.0.40219.1
Project("{FAE04EC0-301F-11D3-BF4B-00C04F79EFBC}") = "CharityApp", "CharityApp.csproj", "{79FEB909-4E73-4FEB-9451-036ED16584AB}"
EndProject
Global
	GlobalSection(SolutionConfigurationPlatforms) = preSolution
		Debug|Any CPU = Debug|Any CPU
		Release|Any CPU = Release|Any CPU
	EndGlobalSection
	GlobalSection(ProjectConfigurationPlatforms) = postSolution
		{79FEB909-4E73-4FEB-9451-036ED16584AB}.Debug|Any CPU.ActiveCfg = Debug|Any CPU
		{79FEB909-4E73-4FEB-9451-036ED16584AB}.Debug|Any CPU.Build.0 = Debug|Any CPU
		{79FEB909-4E73-4FEB-9451-036ED16584AB}.Release|Any CPU.ActiveCfg = Release|Any CPU
		{79FEB909-4E73-4FEB-9451-036ED16584AB}.Release|Any CPU.Build.0 = Release|Any CPU
	EndGlobalSection
	GlobalSection(SolutionProperties) = preSolution
		HideSolutionNode = FALSE
	EndGlobalSection
	GlobalSection(ExtensibilityGlobals) = postSolution
		SolutionGuid = {28B5EB51-B015-4861-96C7-B75DD702B06B}
	EndGlobalSection
EndGlobal
